
Microsoft Visual Studio Solution File, Format Version 12.00
# Visual Studio Version 17
VisualStudioVersion = 17.8.34322.80
MinimumVisualStudioVersion = 10.0.40219.1
Project("{FAE04EC0-301F-11D3-BF4B-00C04F79EFBC}") = "bilkent-exchange-network.Server", "bilkent-exchange-network.Server\bilkent-exchange-network.Server.csproj", "{1BF6A376-F7F0-456C-ACAD-73516232C9E0}"
EndProject
Project("{54A90642-561A-4BB1-A94E-469ADEE60C69}") = "bilkent-exchange-network.client", "bilkent-exchange-network.client\bilkent-exchange-network.client.esproj", "{D32E4643-6CAD-4C07-9D0D-8E9A9FA609F8}"
EndProject
Global
	GlobalSection(SolutionConfigurationPlatforms) = preSolution
		Debug|Any CPU = Debug|Any CPU
		Release|Any CPU = Release|Any CPU
	EndGlobalSection
	GlobalSection(ProjectConfigurationPlatforms) = postSolution
		{1BF6A376-F7F0-456C-ACAD-73516232C9E0}.Debug|Any CPU.ActiveCfg = Debug|Any CPU
		{1BF6A376-F7F0-456C-ACAD-73516232C9E0}.Debug|Any CPU.Build.0 = Debug|Any CPU
		{1BF6A376-F7F0-456C-ACAD-73516232C9E0}.Release|Any CPU.ActiveCfg = Release|Any CPU
		{1BF6A376-F7F0-456C-ACAD-73516232C9E0}.Release|Any CPU.Build.0 = Release|Any CPU
		{D32E4643-6CAD-4C07-9D0D-8E9A9FA609F8}.Debug|Any CPU.ActiveCfg = Debug|Any CPU
		{D32E4643-6CAD-4C07-9D0D-8E9A9FA609F8}.Debug|Any CPU.Build.0 = Debug|Any CPU
		{D32E4643-6CAD-4C07-9D0D-8E9A9FA609F8}.Debug|Any CPU.Deploy.0 = Debug|Any CPU
		{D32E4643-6CAD-4C07-9D0D-8E9A9FA609F8}.Release|Any CPU.ActiveCfg = Release|Any CPU
		{D32E4643-6CAD-4C07-9D0D-8E9A9FA609F8}.Release|Any CPU.Build.0 = Release|Any CPU
		{D32E4643-6CAD-4C07-9D0D-8E9A9FA609F8}.Release|Any CPU.Deploy.0 = Release|Any CPU
	EndGlobalSection
	GlobalSection(SolutionProperties) = preSolution
		HideSolutionNode = FALSE
	EndGlobalSection
	GlobalSection(ExtensibilityGlobals) = postSolution
		SolutionGuid = {4861F2E3-BD8B-46CA-8EE1-03EF6B366FC9}
	EndGlobalSection
EndGlobal
